
Microsoft Visual Studio Solution File, Format Version 12.00
# Visual Studio Version 17
VisualStudioVersion = 17.8.34525.116
MinimumVisualStudioVersion = 10.0.40219.1
Project("{2150E333-8FDC-42A3-9474-1A3956D46DE8}") = "src", "src", "{A27B0628-00BB-46A0-9071-18B9C01967E7}"
EndProject
Project("{2150E333-8FDC-42A3-9474-1A3956D46DE8}") = "Building Blocks", "Building Blocks", "{2E159020-2875-4D63-AA48-92F8E7C98301}"
EndProject
Project("{2150E333-8FDC-42A3-9474-1A3956D46DE8}") = "Services", "Services", "{C2238EA1-CC49-4538-975B-C36A84A4F82F}"
EndProject
Project("{2150E333-8FDC-42A3-9474-1A3956D46DE8}") = "Catalog", "Catalog", "{14A0EC31-2D7F-4085-8601-60D1AEC1E95F}"
EndProject
Project("{9A19103F-16F7-4668-BE54-9A1E7A4F7556}") = "SA.Catalog.API", "src\services\SA.Catalog.API\SA.Catalog.API.csproj", "{7CBA5266-5C4D-42F4-945D-9B6BA2962BCB}"
EndProject
Project("{2150E333-8FDC-42A3-9474-1A3956D46DE8}") = "Customer", "Customer", "{DA341132-9635-4EBE-A1D1-2025D931E5A7}"
EndProject
Project("{FAE04EC0-301F-11D3-BF4B-00C04F79EFBC}") = "SA.Customer.API", "src\services\SA.Customer.API\SA.Customer.API.csproj", "{743E495F-7533-49D4-8A6C-2DD2143287F0}"
EndProject
Project("{2150E333-8FDC-42A3-9474-1A3956D46DE8}") = "Order", "Order", "{927EE998-9F7E-4C22-B6DB-E4D518A8287C}"
EndProject
Project("{FAE04EC0-301F-11D3-BF4B-00C04F79EFBC}") = "SA.Order.API", "src\services\SA.Order.API\SA.Order.API.csproj", "{889A2703-4022-4314-B19F-77C1177644E4}"
EndProject
Project("{FAE04EC0-301F-11D3-BF4B-00C04F79EFBC}") = "SA.ShopCart.API", "src\services\SA.ShopCart.API\SA.ShopCart.API.csproj", "{BE294198-B4B6-448B-82A1-C84AA6DED200}"
EndProject
Project("{2150E333-8FDC-42A3-9474-1A3956D46DE8}") = "ShopCart", "ShopCart", "{65C9016D-C8BF-47B1-B82E-0D1866892111}"
EndProject
Project("{FAE04EC0-301F-11D3-BF4B-00C04F79EFBC}") = "SA.Core", "src\building blocks\SA.Core\SA.Core.csproj", "{FFD66977-CD11-4F9D-95DD-B9DCFE1E5351}"
EndProject
Project("{2150E333-8FDC-42A3-9474-1A3956D46DE8}") = "Core", "Core", "{7861D9C5-1157-4936-B2DF-4F7813F2C99F}"
EndProject
Global
	GlobalSection(SolutionConfigurationPlatforms) = preSolution
		Debug|Any CPU = Debug|Any CPU
		Release|Any CPU = Release|Any CPU
	EndGlobalSection
	GlobalSection(ProjectConfigurationPlatforms) = postSolution
		{7CBA5266-5C4D-42F4-945D-9B6BA2962BCB}.Debug|Any CPU.ActiveCfg = Debug|Any CPU
		{7CBA5266-5C4D-42F4-945D-9B6BA2962BCB}.Debug|Any CPU.Build.0 = Debug|Any CPU
		{7CBA5266-5C4D-42F4-945D-9B6BA2962BCB}.Release|Any CPU.ActiveCfg = Release|Any CPU
		{7CBA5266-5C4D-42F4-945D-9B6BA2962BCB}.Release|Any CPU.Build.0 = Release|Any CPU
		{743E495F-7533-49D4-8A6C-2DD2143287F0}.Debug|Any CPU.ActiveCfg = Debug|Any CPU
		{743E495F-7533-49D4-8A6C-2DD2143287F0}.Debug|Any CPU.Build.0 = Debug|Any CPU
		{743E495F-7533-49D4-8A6C-2DD2143287F0}.Release|Any CPU.ActiveCfg = Release|Any CPU
		{743E495F-7533-49D4-8A6C-2DD2143287F0}.Release|Any CPU.Build.0 = Release|Any CPU
		{889A2703-4022-4314-B19F-77C1177644E4}.Debug|Any CPU.ActiveCfg = Debug|Any CPU
		{889A2703-4022-4314-B19F-77C1177644E4}.Debug|Any CPU.Build.0 = Debug|Any CPU
		{889A2703-4022-4314-B19F-77C1177644E4}.Release|Any CPU.ActiveCfg = Release|Any CPU
		{889A2703-4022-4314-B19F-77C1177644E4}.Release|Any CPU.Build.0 = Release|Any CPU
		{BE294198-B4B6-448B-82A1-C84AA6DED200}.Debug|Any CPU.ActiveCfg = Debug|Any CPU
		{BE294198-B4B6-448B-82A1-C84AA6DED200}.Debug|Any CPU.Build.0 = Debug|Any CPU
		{BE294198-B4B6-448B-82A1-C84AA6DED200}.Release|Any CPU.ActiveCfg = Release|Any CPU
		{BE294198-B4B6-448B-82A1-C84AA6DED200}.Release|Any CPU.Build.0 = Release|Any CPU
		{FFD66977-CD11-4F9D-95DD-B9DCFE1E5351}.Debug|Any CPU.ActiveCfg = Debug|Any CPU
		{FFD66977-CD11-4F9D-95DD-B9DCFE1E5351}.Debug|Any CPU.Build.0 = Debug|Any CPU
		{FFD66977-CD11-4F9D-95DD-B9DCFE1E5351}.Release|Any CPU.ActiveCfg = Release|Any CPU
		{FFD66977-CD11-4F9D-95DD-B9DCFE1E5351}.Release|Any CPU.Build.0 = Release|Any CPU
	EndGlobalSection
	GlobalSection(SolutionProperties) = preSolution
		HideSolutionNode = FALSE
	EndGlobalSection
	GlobalSection(NestedProjects) = preSolution
		{2E159020-2875-4D63-AA48-92F8E7C98301} = {A27B0628-00BB-46A0-9071-18B9C01967E7}
		{C2238EA1-CC49-4538-975B-C36A84A4F82F} = {A27B0628-00BB-46A0-9071-18B9C01967E7}
		{14A0EC31-2D7F-4085-8601-60D1AEC1E95F} = {C2238EA1-CC49-4538-975B-C36A84A4F82F}
		{7CBA5266-5C4D-42F4-945D-9B6BA2962BCB} = {14A0EC31-2D7F-4085-8601-60D1AEC1E95F}
		{DA341132-9635-4EBE-A1D1-2025D931E5A7} = {C2238EA1-CC49-4538-975B-C36A84A4F82F}
		{743E495F-7533-49D4-8A6C-2DD2143287F0} = {DA341132-9635-4EBE-A1D1-2025D931E5A7}
		{927EE998-9F7E-4C22-B6DB-E4D518A8287C} = {C2238EA1-CC49-4538-975B-C36A84A4F82F}
		{889A2703-4022-4314-B19F-77C1177644E4} = {927EE998-9F7E-4C22-B6DB-E4D518A8287C}
		{BE294198-B4B6-448B-82A1-C84AA6DED200} = {65C9016D-C8BF-47B1-B82E-0D1866892111}
		{65C9016D-C8BF-47B1-B82E-0D1866892111} = {C2238EA1-CC49-4538-975B-C36A84A4F82F}
		{FFD66977-CD11-4F9D-95DD-B9DCFE1E5351} = {7861D9C5-1157-4936-B2DF-4F7813F2C99F}
		{7861D9C5-1157-4936-B2DF-4F7813F2C99F} = {2E159020-2875-4D63-AA48-92F8E7C98301}
	EndGlobalSection
	GlobalSection(ExtensibilityGlobals) = postSolution
		SolutionGuid = {CDCA0BFD-F8D8-4401-89E2-7A2990A4B968}
	EndGlobalSection
EndGlobal
